
Microsoft Visual Studio Solution File, Format Version 12.00
# Visual Studio Version 16
VisualStudioVersion = 16.0.29123.89
MinimumVisualStudioVersion = 10.0.40219.1
Project("{FAE04EC0-301F-11D3-BF4B-00C04F79EFBC}") = "DuplicateFinder", "DuplicateFinder\DuplicateFinder.csproj", "{7BBF9848-D3DA-4BAC-9BFE-F0886CEC7D22}"
EndProject
Global
	GlobalSection(SolutionConfigurationPlatforms) = preSolution
		Debug|Any CPU = Debug|Any CPU
		Release|Any CPU = Release|Any CPU
	EndGlobalSection
	GlobalSection(ProjectConfigurationPlatforms) = postSolution
		{7BBF9848-D3DA-4BAC-9BFE-F0886CEC7D22}.Debug|Any CPU.ActiveCfg = Debug|Any CPU
		{7BBF9848-D3DA-4BAC-9BFE-F0886CEC7D22}.Debug|Any CPU.Build.0 = Debug|Any CPU
		{7BBF9848-D3DA-4BAC-9BFE-F0886CEC7D22}.Release|Any CPU.ActiveCfg = Release|Any CPU
		{7BBF9848-D3DA-4BAC-9BFE-F0886CEC7D22}.Release|Any CPU.Build.0 = Release|Any CPU
	EndGlobalSection
	GlobalSection(SolutionProperties) = preSolution
		HideSolutionNode = FALSE
	EndGlobalSection
	GlobalSection(ExtensibilityGlobals) = postSolution
		SolutionGuid = {3AD2E7C5-8C40-4CEB-B812-5CDF3CCB1C4B}
	EndGlobalSection
EndGlobal
